
Microsoft Visual Studio Solution File, Format Version 12.00
# Visual Studio Version 17
VisualStudioVersion = 17.5.33530.505
MinimumVisualStudioVersion = 10.0.40219.1
Project("{FAE04EC0-301F-11D3-BF4B-00C04F79EFBC}") = "WebApplication2", "WebApplication2\WebApplication2.csproj", "{93751429-C778-434E-93AE-1CF2596EC7FA}"
EndProject
Global
	GlobalSection(SolutionConfigurationPlatforms) = preSolution
		Debug|Any CPU = Debug|Any CPU
		Release|Any CPU = Release|Any CPU
	EndGlobalSection
	GlobalSection(ProjectConfigurationPlatforms) = postSolution
		{93751429-C778-434E-93AE-1CF2596EC7FA}.Debug|Any CPU.ActiveCfg = Debug|Any CPU
		{93751429-C778-434E-93AE-1CF2596EC7FA}.Debug|Any CPU.Build.0 = Debug|Any CPU
		{93751429-C778-434E-93AE-1CF2596EC7FA}.Release|Any CPU.ActiveCfg = Release|Any CPU
		{93751429-C778-434E-93AE-1CF2596EC7FA}.Release|Any CPU.Build.0 = Release|Any CPU
	EndGlobalSection
	GlobalSection(SolutionProperties) = preSolution
		HideSolutionNode = FALSE
	EndGlobalSection
	GlobalSection(ExtensibilityGlobals) = postSolution
		SolutionGuid = {8DCCD32D-9AA9-44A2-AAAC-01D0B631952D}
	EndGlobalSection
EndGlobal
